// !$*UTF8*$!
{
	archiveVersion = 1;
	classes = {
	};
	objectVersion = 56;
	objects = {

/* Begin PBXBuildFile section */
		E4DFFB5929AD7EB60014A4DE /* LeagueOfLegendsApiConsumptionApp.swift in Sources */ = {isa = PBXBuildFile; fileRef = E4DFFB5829AD7EB60014A4DE /* LeagueOfLegendsApiConsumptionApp.swift */; };
		E4DFFB5B29AD7EB60014A4DE /* ContentView.swift in Sources */ = {isa = PBXBuildFile; fileRef = E4DFFB5A29AD7EB60014A4DE /* ContentView.swift */; };
		E4DFFB5D29AD7EB70014A4DE /* Assets.xcassets in Resources */ = {isa = PBXBuildFile; fileRef = E4DFFB5C29AD7EB70014A4DE /* Assets.xcassets */; };
		E4DFFB6029AD7EB70014A4DE /* Preview Assets.xcassets in Resources */ = {isa = PBXBuildFile; fileRef = E4DFFB5F29AD7EB70014A4DE /* Preview Assets.xcassets */; };
		E4DFFB6B29AD7FDB0014A4DE /* SettingsUI.swift in Sources */ = {isa = PBXBuildFile; fileRef = E4DFFB6A29AD7FDB0014A4DE /* SettingsUI.swift */; };
		E4DFFB6D29AD7FF30014A4DE /* SettingsViewModel.swift in Sources */ = {isa = PBXBuildFile; fileRef = E4DFFB6C29AD7FF30014A4DE /* SettingsViewModel.swift */; };
		E4DFFB7029AD86790014A4DE /* DDragonPlatformRouting.swift in Sources */ = {isa = PBXBuildFile; fileRef = E4DFFB6F29AD86790014A4DE /* DDragonPlatformRouting.swift */; };
		E4DFFB7229AD880E0014A4DE /* DDragonRegionalRouting.swift in Sources */ = {isa = PBXBuildFile; fileRef = E4DFFB7129AD880E0014A4DE /* DDragonRegionalRouting.swift */; };
		E4DFFB7529AD8C610014A4DE /* Localizable.strings in Resources */ = {isa = PBXBuildFile; fileRef = E4DFFB7729AD8C610014A4DE /* Localizable.strings */; };
/* End PBXBuildFile section */

/* Begin PBXFileReference section */
		E4DFFB5529AD7EB60014A4DE /* LeagueOfLegendsApiConsumption.app */ = {isa = PBXFileReference; explicitFileType = wrapper.application; includeInIndex = 0; path = LeagueOfLegendsApiConsumption.app; sourceTree = BUILT_PRODUCTS_DIR; };
		E4DFFB5829AD7EB60014A4DE /* LeagueOfLegendsApiConsumptionApp.swift */ = {isa = PBXFileReference; lastKnownFileType = sourcecode.swift; path = LeagueOfLegendsApiConsumptionApp.swift; sourceTree = "<group>"; };
		E4DFFB5A29AD7EB60014A4DE /* ContentView.swift */ = {isa = PBXFileReference; lastKnownFileType = sourcecode.swift; path = ContentView.swift; sourceTree = "<group>"; };
		E4DFFB5C29AD7EB70014A4DE /* Assets.xcassets */ = {isa = PBXFileReference; lastKnownFileType = folder.assetcatalog; path = Assets.xcassets; sourceTree = "<group>"; };
		E4DFFB5F29AD7EB70014A4DE /* Preview Assets.xcassets */ = {isa = PBXFileReference; lastKnownFileType = folder.assetcatalog; path = "Preview Assets.xcassets"; sourceTree = "<group>"; };
		E4DFFB6A29AD7FDB0014A4DE /* SettingsUI.swift */ = {isa = PBXFileReference; lastKnownFileType = sourcecode.swift; path = SettingsUI.swift; sourceTree = "<group>"; };
		E4DFFB6C29AD7FF30014A4DE /* SettingsViewModel.swift */ = {isa = PBXFileReference; lastKnownFileType = sourcecode.swift; path = SettingsViewModel.swift; sourceTree = "<group>"; };
		E4DFFB6F29AD86790014A4DE /* DDragonPlatformRouting.swift */ = {isa = PBXFileReference; lastKnownFileType = sourcecode.swift; path = DDragonPlatformRouting.swift; sourceTree = "<group>"; };
		E4DFFB7129AD880E0014A4DE /* DDragonRegionalRouting.swift */ = {isa = PBXFileReference; lastKnownFileType = sourcecode.swift; path = DDragonRegionalRouting.swift; sourceTree = "<group>"; };
		E4DFFB7629AD8C610014A4DE /* en */ = {isa = PBXFileReference; lastKnownFileType = text.plist.strings; name = en; path = en.lproj/Localizable.strings; sourceTree = "<group>"; };
		E4DFFB7829AD8CA20014A4DE /* pt-BR */ = {isa = PBXFileReference; lastKnownFileType = text.plist.strings; name = "pt-BR"; path = "pt-BR.lproj/Localizable.strings"; sourceTree = "<group>"; usesTabs = 0; };
/* End PBXFileReference section */

/* Begin PBXFrameworksBuildPhase section */
		E4DFFB5229AD7EB60014A4DE /* Frameworks */ = {
			isa = PBXFrameworksBuildPhase;
			buildActionMask = 2147483647;
			files = (
			);
			runOnlyForDeploymentPostprocessing = 0;
		};
/* End PBXFrameworksBuildPhase section */

/* Begin PBXGroup section */
		E4DFFB4C29AD7EB60014A4DE = {
			isa = PBXGroup;
			children = (
				E4DFFB5729AD7EB60014A4DE /* LeagueOfLegendsApiConsumption */,
				E4DFFB5629AD7EB60014A4DE /* Products */,
			);
			sourceTree = "<group>";
		};
		E4DFFB5629AD7EB60014A4DE /* Products */ = {
			isa = PBXGroup;
			children = (
				E4DFFB5529AD7EB60014A4DE /* LeagueOfLegendsApiConsumption.app */,
			);
			name = Products;
			sourceTree = "<group>";
		};
		E4DFFB5729AD7EB60014A4DE /* LeagueOfLegendsApiConsumption */ = {
			isa = PBXGroup;
			children = (
				E4DFFB7929AEBD910014A4DE /* Localizable */,
				E4DFFB6829AD7F910014A4DE /* Modules */,
				E4DFFB6629AD7F7C0014A4DE /* Core */,
				E4DFFB5829AD7EB60014A4DE /* LeagueOfLegendsApiConsumptionApp.swift */,
				E4DFFB5A29AD7EB60014A4DE /* ContentView.swift */,
				E4DFFB5C29AD7EB70014A4DE /* Assets.xcassets */,
				E4DFFB5E29AD7EB70014A4DE /* Preview Content */,
			);
			path = LeagueOfLegendsApiConsumption;
			sourceTree = "<group>";
		};
		E4DFFB5E29AD7EB70014A4DE /* Preview Content */ = {
			isa = PBXGroup;
			children = (
				E4DFFB5F29AD7EB70014A4DE /* Preview Assets.xcassets */,
			);
			path = "Preview Content";
			sourceTree = "<group>";
		};
		E4DFFB6629AD7F7C0014A4DE /* Core */ = {
			isa = PBXGroup;
			children = (
				E4DFFB6E29AD84370014A4DE /* Enums */,
				E4DFFB6729AD7F860014A4DE /* Models */,
			);
			path = Core;
			sourceTree = "<group>";
		};
		E4DFFB6729AD7F860014A4DE /* Models */ = {
			isa = PBXGroup;
			children = (
			);
			path = Models;
			sourceTree = "<group>";
		};
		E4DFFB6829AD7F910014A4DE /* Modules */ = {
			isa = PBXGroup;
			children = (
				E4DFFB6929AD7FBE0014A4DE /* Settings */,
			);
			path = Modules;
			sourceTree = "<group>";
		};
		E4DFFB6929AD7FBE0014A4DE /* Settings */ = {
			isa = PBXGroup;
			children = (
				E4DFFB6A29AD7FDB0014A4DE /* SettingsUI.swift */,
				E4DFFB6C29AD7FF30014A4DE /* SettingsViewModel.swift */,
			);
			path = Settings;
			sourceTree = "<group>";
		};
		E4DFFB6E29AD84370014A4DE /* Enums */ = {
			isa = PBXGroup;
			children = (
				E4DFFB6F29AD86790014A4DE /* DDragonPlatformRouting.swift */,
				E4DFFB7129AD880E0014A4DE /* DDragonRegionalRouting.swift */,
			);
			path = Enums;
			sourceTree = "<group>";
		};
		E4DFFB7929AEBD910014A4DE /* Localizable */ = {
			isa = PBXGroup;
			children = (
				E4DFFB7729AD8C610014A4DE /* Localizable.strings */,
			);
			path = Localizable;
			sourceTree = "<group>";
		};
/* End PBXGroup section */

/* Begin PBXNativeTarget section */
		E4DFFB5429AD7EB60014A4DE /* LeagueOfLegendsApiConsumption */ = {
			isa = PBXNativeTarget;
			buildConfigurationList = E4DFFB6329AD7EB70014A4DE /* Build configuration list for PBXNativeTarget "LeagueOfLegendsApiConsumption" */;
			buildPhases = (
				E4DFFB5129AD7EB60014A4DE /* Sources */,
				E4DFFB5229AD7EB60014A4DE /* Frameworks */,
				E4DFFB5329AD7EB60014A4DE /* Resources */,
			);
			buildRules = (
			);
			dependencies = (
			);
			name = LeagueOfLegendsApiConsumption;
			productName = LeagueOfLegendsApiConsumption;
			productReference = E4DFFB5529AD7EB60014A4DE /* LeagueOfLegendsApiConsumption.app */;
			productType = "com.apple.product-type.application";
		};
/* End PBXNativeTarget section */

/* Begin PBXProject section */
		E4DFFB4D29AD7EB60014A4DE /* Project object */ = {
			isa = PBXProject;
			attributes = {
				BuildIndependentTargetsInParallel = 1;
				LastSwiftUpdateCheck = 1420;
				LastUpgradeCheck = 1420;
				TargetAttributes = {
					E4DFFB5429AD7EB60014A4DE = {
						CreatedOnToolsVersion = 14.2;
					};
				};
			};
			buildConfigurationList = E4DFFB5029AD7EB60014A4DE /* Build configuration list for PBXProject "LeagueOfLegendsApiConsumption" */;
			compatibilityVersion = "Xcode 14.0";
			developmentRegion = en;
			hasScannedForEncodings = 0;
			knownRegions = (
				en,
				"pt-BR",
				Base,
			);
			mainGroup = E4DFFB4C29AD7EB60014A4DE;
			productRefGroup = E4DFFB5629AD7EB60014A4DE /* Products */;
			projectDirPath = "";
			projectRoot = "";
			targets = (
				E4DFFB5429AD7EB60014A4DE /* LeagueOfLegendsApiConsumption */,
			);
		};
/* End PBXProject section */

/* Begin PBXResourcesBuildPhase section */
		E4DFFB5329AD7EB60014A4DE /* Resources */ = {
			isa = PBXResourcesBuildPhase;
			buildActionMask = 2147483647;
			files = (
				E4DFFB6029AD7EB70014A4DE /* Preview Assets.xcassets in Resources */,
				E4DFFB7529AD8C610014A4DE /* Localizable.strings in Resources */,
				E4DFFB5D29AD7EB70014A4DE /* Assets.xcassets in Resources */,
			);
			runOnlyForDeploymentPostprocessing = 0;
		};
/* End PBXResourcesBuildPhase section */

/* Begin PBXSourcesBuildPhase section */
		E4DFFB5129AD7EB60014A4DE /* Sources */ = {
			isa = PBXSourcesBuildPhase;
			buildActionMask = 2147483647;
			files = (
				E4DFFB6B29AD7FDB0014A4DE /* SettingsUI.swift in Sources */,
				E4DFFB7229AD880E0014A4DE /* DDragonRegionalRouting.swift in Sources */,
				E4DFFB7029AD86790014A4DE /* DDragonPlatformRouting.swift in Sources */,
				E4DFFB5B29AD7EB60014A4DE /* ContentView.swift in Sources */,
				E4DFFB5929AD7EB60014A4DE /* LeagueOfLegendsApiConsumptionApp.swift in Sources */,
				E4DFFB6D29AD7FF30014A4DE /* SettingsViewModel.swift in Sources */,
			);
			runOnlyForDeploymentPostprocessing = 0;
		};
/* End PBXSourcesBuildPhase section */

/* Begin PBXVariantGroup section */
		E4DFFB7729AD8C610014A4DE /* Localizable.strings */ = {
			isa = PBXVariantGroup;
			children = (
				E4DFFB7629AD8C610014A4DE /* en */,
				E4DFFB7829AD8CA20014A4DE /* pt-BR */,
			);
			name = Localizable.strings;
			sourceTree = "<group>";
		};
/* End PBXVariantGroup section */

/* Begin XCBuildConfiguration section */
		E4DFFB6129AD7EB70014A4DE /* Debug */ = {
			isa = XCBuildConfiguration;
			buildSettings = {
				ALWAYS_SEARCH_USER_PATHS = NO;
				CLANG_ANALYZER_LOCALIZABILITY_NONLOCALIZED = YES;
				CLANG_ANALYZER_NONNULL = YES;
				CLANG_ANALYZER_NUMBER_OBJECT_CONVERSION = YES_AGGRESSIVE;
				CLANG_CXX_LANGUAGE_STANDARD = "gnu++20";
				CLANG_ENABLE_MODULES = YES;
				CLANG_ENABLE_OBJC_ARC = YES;
				CLANG_ENABLE_OBJC_WEAK = YES;
				CLANG_WARN_BLOCK_CAPTURE_AUTORELEASING = YES;
				CLANG_WARN_BOOL_CONVERSION = YES;
				CLANG_WARN_COMMA = YES;
				CLANG_WARN_CONSTANT_CONVERSION = YES;
				CLANG_WARN_DEPRECATED_OBJC_IMPLEMENTATIONS = YES;
				CLANG_WARN_DIRECT_OBJC_ISA_USAGE = YES_ERROR;
				CLANG_WARN_DOCUMENTATION_COMMENTS = YES;
				CLANG_WARN_EMPTY_BODY = YES;
				CLANG_WARN_ENUM_CONVERSION = YES;
				CLANG_WARN_INFINITE_RECURSION = YES;
				CLANG_WARN_INT_CONVERSION = YES;
				CLANG_WARN_NON_LITERAL_NULL_CONVERSION = YES;
				CLANG_WARN_OBJC_IMPLICIT_RETAIN_SELF = YES;
				CLANG_WARN_OBJC_LITERAL_CONVERSION = YES;
				CLANG_WARN_OBJC_ROOT_CLASS = YES_ERROR;
				CLANG_WARN_QUOTED_INCLUDE_IN_FRAMEWORK_HEADER = YES;
				CLANG_WARN_RANGE_LOOP_ANALYSIS = YES;
				CLANG_WARN_STRICT_PROTOTYPES = YES;
				CLANG_WARN_SUSPICIOUS_MOVE = YES;
				CLANG_WARN_UNGUARDED_AVAILABILITY = YES_AGGRESSIVE;
				CLANG_WARN_UNREACHABLE_CODE = YES;
				CLANG_WARN__DUPLICATE_METHOD_MATCH = YES;
				COPY_PHASE_STRIP = NO;
				DEBUG_INFORMATION_FORMAT = dwarf;
				ENABLE_STRICT_OBJC_MSGSEND = YES;
				ENABLE_TESTABILITY = YES;
				GCC_C_LANGUAGE_STANDARD = gnu11;
				GCC_DYNAMIC_NO_PIC = NO;
				GCC_NO_COMMON_BLOCKS = YES;
				GCC_OPTIMIZATION_LEVEL = 0;
				GCC_PREPROCESSOR_DEFINITIONS = (
					"DEBUG=1",
					"$(inherited)",
				);
				GCC_WARN_64_TO_32_BIT_CONVERSION = YES;
				GCC_WARN_ABOUT_RETURN_TYPE = YES_ERROR;
				GCC_WARN_UNDECLARED_SELECTOR = YES;
				GCC_WARN_UNINITIALIZED_AUTOS = YES_AGGRESSIVE;
				GCC_WARN_UNUSED_FUNCTION = YES;
				GCC_WARN_UNUSED_VARIABLE = YES;
				IPHONEOS_DEPLOYMENT_TARGET = 16.2;
				MTL_ENABLE_DEBUG_INFO = INCLUDE_SOURCE;
				MTL_FAST_MATH = YES;
				ONLY_ACTIVE_ARCH = YES;
				SDKROOT = iphoneos;
				SWIFT_ACTIVE_COMPILATION_CONDITIONS = DEBUG;
				SWIFT_OPTIMIZATION_LEVEL = "-Onone";
			};
			name = Debug;
		};
		E4DFFB6229AD7EB70014A4DE /* Release */ = {
			isa = XCBuildConfiguration;
			buildSettings = {
				ALWAYS_SEARCH_USER_PATHS = NO;
				CLANG_ANALYZER_LOCALIZABILITY_NONLOCALIZED = YES;
				CLANG_ANALYZER_NONNULL = YES;
				CLANG_ANALYZER_NUMBER_OBJECT_CONVERSION = YES_AGGRESSIVE;
				CLANG_CXX_LANGUAGE_STANDARD = "gnu++20";
				CLANG_ENABLE_MODULES = YES;
				CLANG_ENABLE_OBJC_ARC = YES;
				CLANG_ENABLE_OBJC_WEAK = YES;
				CLANG_WARN_BLOCK_CAPTURE_AUTORELEASING = YES;
				CLANG_WARN_BOOL_CONVERSION = YES;
				CLANG_WARN_COMMA = YES;
				CLANG_WARN_CONSTANT_CONVERSION = YES;
				CLANG_WARN_DEPRECATED_OBJC_IMPLEMENTATIONS = YES;
				CLANG_WARN_DIRECT_OBJC_ISA_USAGE = YES_ERROR;
				CLANG_WARN_DOCUMENTATION_COMMENTS = YES;
				CLANG_WARN_EMPTY_BODY = YES;
				CLANG_WARN_ENUM_CONVERSION = YES;
				CLANG_WARN_INFINITE_RECURSION = YES;
				CLANG_WARN_INT_CONVERSION = YES;
				CLANG_WARN_NON_LITERAL_NULL_CONVERSION = YES;
				CLANG_WARN_OBJC_IMPLICIT_RETAIN_SELF = YES;
				CLANG_WARN_OBJC_LITERAL_CONVERSION = YES;
				CLANG_WARN_OBJC_ROOT_CLASS = YES_ERROR;
				CLANG_WARN_QUOTED_INCLUDE_IN_FRAMEWORK_HEADER = YES;
				CLANG_WARN_RANGE_LOOP_ANALYSIS = YES;
				CLANG_WARN_STRICT_PROTOTYPES = YES;
				CLANG_WARN_SUSPICIOUS_MOVE = YES;
				CLANG_WARN_UNGUARDED_AVAILABILITY = YES_AGGRESSIVE;
				CLANG_WARN_UNREACHABLE_CODE = YES;
				CLANG_WARN__DUPLICATE_METHOD_MATCH = YES;
				COPY_PHASE_STRIP = NO;
				DEBUG_INFORMATION_FORMAT = "dwarf-with-dsym";
				ENABLE_NS_ASSERTIONS = NO;
				ENABLE_STRICT_OBJC_MSGSEND = YES;
				GCC_C_LANGUAGE_STANDARD = gnu11;
				GCC_NO_COMMON_BLOCKS = YES;
				GCC_WARN_64_TO_32_BIT_CONVERSION = YES;
				GCC_WARN_ABOUT_RETURN_TYPE = YES_ERROR;
				GCC_WARN_UNDECLARED_SELECTOR = YES;
				GCC_WARN_UNINITIALIZED_AUTOS = YES_AGGRESSIVE;
				GCC_WARN_UNUSED_FUNCTION = YES;
				GCC_WARN_UNUSED_VARIABLE = YES;
				IPHONEOS_DEPLOYMENT_TARGET = 16.2;
				MTL_ENABLE_DEBUG_INFO = NO;
				MTL_FAST_MATH = YES;
				SDKROOT = iphoneos;
				SWIFT_COMPILATION_MODE = wholemodule;
				SWIFT_OPTIMIZATION_LEVEL = "-O";
				VALIDATE_PRODUCT = YES;
			};
			name = Release;
		};
		E4DFFB6429AD7EB70014A4DE /* Debug */ = {
			isa = XCBuildConfiguration;
			buildSettings = {
				ASSETCATALOG_COMPILER_APPICON_NAME = AppIcon;
				ASSETCATALOG_COMPILER_GLOBAL_ACCENT_COLOR_NAME = AccentColor;
				CODE_SIGN_STYLE = Automatic;
				CURRENT_PROJECT_VERSION = 1;
				DEVELOPMENT_ASSET_PATHS = "\"LeagueOfLegendsApiConsumption/Preview Content\"";
				DEVELOPMENT_TEAM = PAY46QCZVF;
				ENABLE_PREVIEWS = YES;
				GENERATE_INFOPLIST_FILE = YES;
				INFOPLIST_KEY_UIApplicationSceneManifest_Generation = YES;
				INFOPLIST_KEY_UIApplicationSupportsIndirectInputEvents = YES;
				INFOPLIST_KEY_UILaunchScreen_Generation = YES;
				INFOPLIST_KEY_UISupportedInterfaceOrientations_iPad = "UIInterfaceOrientationPortrait UIInterfaceOrientationPortraitUpsideDown UIInterfaceOrientationLandscapeLeft UIInterfaceOrientationLandscapeRight";
				INFOPLIST_KEY_UISupportedInterfaceOrientations_iPhone = "UIInterfaceOrientationPortrait UIInterfaceOrientationLandscapeLeft UIInterfaceOrientationLandscapeRight";
				LD_RUNPATH_SEARCH_PATHS = (
					"$(inherited)",
					"@executable_path/Frameworks",
				);
				MARKETING_VERSION = 1.0;
				PRODUCT_BUNDLE_IDENTIFIER = Armored.LeagueOfLegendsApiConsumption;
				PRODUCT_NAME = "$(TARGET_NAME)";
				SWIFT_EMIT_LOC_STRINGS = YES;
				SWIFT_VERSION = 5.0;
				TARGETED_DEVICE_FAMILY = "1,2";
			};
			name = Debug;
		};
		E4DFFB6529AD7EB70014A4DE /* Release */ = {
			isa = XCBuildConfiguration;
			buildSettings = {
				ASSETCATALOG_COMPILER_APPICON_NAME = AppIcon;
				ASSETCATALOG_COMPILER_GLOBAL_ACCENT_COLOR_NAME = AccentColor;
				CODE_SIGN_STYLE = Automatic;
				CURRENT_PROJECT_VERSION = 1;
				DEVELOPMENT_ASSET_PATHS = "\"LeagueOfLegendsApiConsumption/Preview Content\"";
				DEVELOPMENT_TEAM = PAY46QCZVF;
				ENABLE_PREVIEWS = YES;
				GENERATE_INFOPLIST_FILE = YES;
				INFOPLIST_KEY_UIApplicationSceneManifest_Generation = YES;
				INFOPLIST_KEY_UIApplicationSupportsIndirectInputEvents = YES;
				INFOPLIST_KEY_UILaunchScreen_Generation = YES;
				INFOPLIST_KEY_UISupportedInterfaceOrientations_iPad = "UIInterfaceOrientationPortrait UIInterfaceOrientationPortraitUpsideDown UIInterfaceOrientationLandscapeLeft UIInterfaceOrientationLandscapeRight";
				INFOPLIST_KEY_UISupportedInterfaceOrientations_iPhone = "UIInterfaceOrientationPortrait UIInterfaceOrientationLandscapeLeft UIInterfaceOrientationLandscapeRight";
				LD_RUNPATH_SEARCH_PATHS = (
					"$(inherited)",
					"@executable_path/Frameworks",
				);
				MARKETING_VERSION = 1.0;
				PRODUCT_BUNDLE_IDENTIFIER = Armored.LeagueOfLegendsApiConsumption;
				PRODUCT_NAME = "$(TARGET_NAME)";
				SWIFT_EMIT_LOC_STRINGS = YES;
				SWIFT_VERSION = 5.0;
				TARGETED_DEVICE_FAMILY = "1,2";
			};
			name = Release;
		};
/* End XCBuildConfiguration section */

/* Begin XCConfigurationList section */
		E4DFFB5029AD7EB60014A4DE /* Build configuration list for PBXProject "LeagueOfLegendsApiConsumption" */ = {
			isa = XCConfigurationList;
			buildConfigurations = (
				E4DFFB6129AD7EB70014A4DE /* Debug */,
				E4DFFB6229AD7EB70014A4DE /* Release */,
			);
			defaultConfigurationIsVisible = 0;
			defaultConfigurationName = Release;
		};
		E4DFFB6329AD7EB70014A4DE /* Build configuration list for PBXNativeTarget "LeagueOfLegendsApiConsumption" */ = {
			isa = XCConfigurationList;
			buildConfigurations = (
				E4DFFB6429AD7EB70014A4DE /* Debug */,
				E4DFFB6529AD7EB70014A4DE /* Release */,
			);
			defaultConfigurationIsVisible = 0;
			defaultConfigurationName = Release;
		};
/* End XCConfigurationList section */
	};
	rootObject = E4DFFB4D29AD7EB60014A4DE /* Project object */;
}
